// !$*UTF8*$!
{
	archiveVersion = 1;
	classes = {
	};
	objectVersion = 55;
	objects = {

/* Begin PBXBuildFile section */
		13823A6B2A3C266B0078B91A /* QuizApplicationApp.swift in Sources */ = {isa = PBXBuildFile; fileRef = 13823A6A2A3C266B0078B91A /* QuizApplicationApp.swift */; };
		13823A6D2A3C266B0078B91A /* ContentView.swift in Sources */ = {isa = PBXBuildFile; fileRef = 13823A6C2A3C266B0078B91A /* ContentView.swift */; };
		13823A6F2A3C266C0078B91A /* Assets.xcassets in Resources */ = {isa = PBXBuildFile; fileRef = 13823A6E2A3C266C0078B91A /* Assets.xcassets */; };
		13823A722A3C266C0078B91A /* Preview Assets.xcassets in Resources */ = {isa = PBXBuildFile; fileRef = 13823A712A3C266C0078B91A /* Preview Assets.xcassets */; };
		13823A872A3C28560078B91A /* QuizView.swift in Sources */ = {isa = PBXBuildFile; fileRef = 13823A862A3C28560078B91A /* QuizView.swift */; };
		13823A8A2A3C286C0078B91A /* DifficultyView.swift in Sources */ = {isa = PBXBuildFile; fileRef = 13823A892A3C286C0078B91A /* DifficultyView.swift */; };
		13823A8C2A3C28780078B91A /* HomeView.swift in Sources */ = {isa = PBXBuildFile; fileRef = 13823A8B2A3C28770078B91A /* HomeView.swift */; };
		13823A8E2A3C29350078B91A /* Model.swift in Sources */ = {isa = PBXBuildFile; fileRef = 13823A8D2A3C29350078B91A /* Model.swift */; };
/* End PBXBuildFile section */

/* Begin PBXFileReference section */
		13823A672A3C266B0078B91A /* QuizApplication.app */ = {isa = PBXFileReference; explicitFileType = wrapper.application; includeInIndex = 0; path = QuizApplication.app; sourceTree = BUILT_PRODUCTS_DIR; };
		13823A6A2A3C266B0078B91A /* QuizApplicationApp.swift */ = {isa = PBXFileReference; lastKnownFileType = sourcecode.swift; path = QuizApplicationApp.swift; sourceTree = "<group>"; };
		13823A6C2A3C266B0078B91A /* ContentView.swift */ = {isa = PBXFileReference; lastKnownFileType = sourcecode.swift; path = ContentView.swift; sourceTree = "<group>"; };
		13823A6E2A3C266C0078B91A /* Assets.xcassets */ = {isa = PBXFileReference; lastKnownFileType = folder.assetcatalog; path = Assets.xcassets; sourceTree = "<group>"; };
		13823A712A3C266C0078B91A /* Preview Assets.xcassets */ = {isa = PBXFileReference; lastKnownFileType = folder.assetcatalog; path = "Preview Assets.xcassets"; sourceTree = "<group>"; };
		13823A862A3C28560078B91A /* QuizView.swift */ = {isa = PBXFileReference; lastKnownFileType = sourcecode.swift; path = QuizView.swift; sourceTree = "<group>"; };
		13823A892A3C286C0078B91A /* DifficultyView.swift */ = {isa = PBXFileReference; lastKnownFileType = sourcecode.swift; path = DifficultyView.swift; sourceTree = "<group>"; };
		13823A8B2A3C28770078B91A /* HomeView.swift */ = {isa = PBXFileReference; lastKnownFileType = sourcecode.swift; path = HomeView.swift; sourceTree = "<group>"; };
		13823A8D2A3C29350078B91A /* Model.swift */ = {isa = PBXFileReference; lastKnownFileType = sourcecode.swift; path = Model.swift; sourceTree = "<group>"; };
/* End PBXFileReference section */

/* Begin PBXFrameworksBuildPhase section */
		13823A642A3C266B0078B91A /* Frameworks */ = {
			isa = PBXFrameworksBuildPhase;
			buildActionMask = 2147483647;
			files = (
			);
			runOnlyForDeploymentPostprocessing = 0;
		};
/* End PBXFrameworksBuildPhase section */

/* Begin PBXGroup section */
		13823A5E2A3C266B0078B91A = {
			isa = PBXGroup;
			children = (
				13823A692A3C266B0078B91A /* QuizApplication */,
				13823A682A3C266B0078B91A /* Products */,
			);
			sourceTree = "<group>";
		};
		13823A682A3C266B0078B91A /* Products */ = {
			isa = PBXGroup;
			children = (
				13823A672A3C266B0078B91A /* QuizApplication.app */,
			);
			name = Products;
			sourceTree = "<group>";
		};
		13823A692A3C266B0078B91A /* QuizApplication */ = {
			isa = PBXGroup;
			children = (
				13823A7F2A3C27CE0078B91A /* Extensions */,
				13823A792A3C27010078B91A /* MainAppContent */,
				13823A782A3C26F80078B91A /* Model */,
				13823A7B2A3C27400078B91A /* Components */,
				13823A7A2A3C272C0078B91A /* Resources */,
				13823A702A3C266C0078B91A /* Preview Content */,
			);
			path = QuizApplication;
			sourceTree = "<group>";
		};
		13823A702A3C266C0078B91A /* Preview Content */ = {
			isa = PBXGroup;
			children = (
				13823A712A3C266C0078B91A /* Preview Assets.xcassets */,
			);
			path = "Preview Content";
			sourceTree = "<group>";
		};
		13823A782A3C26F80078B91A /* Model */ = {
			isa = PBXGroup;
			children = (
				13823A8D2A3C29350078B91A /* Model.swift */,
			);
			path = Model;
			sourceTree = "<group>";
		};
		13823A792A3C27010078B91A /* MainAppContent */ = {
			isa = PBXGroup;
			children = (
				13823A6A2A3C266B0078B91A /* QuizApplicationApp.swift */,
				13823A6C2A3C266B0078B91A /* ContentView.swift */,
			);
			path = MainAppContent;
			sourceTree = "<group>";
		};
		13823A7A2A3C272C0078B91A /* Resources */ = {
			isa = PBXGroup;
			children = (
				13823A6E2A3C266C0078B91A /* Assets.xcassets */,
			);
			path = Resources;
			sourceTree = "<group>";
		};
		13823A7B2A3C27400078B91A /* Components */ = {
			isa = PBXGroup;
			children = (
				13823A7E2A3C27BE0078B91A /* Quiz */,
				13823A7D2A3C27B30078B91A /* Difficulty */,
				13823A7C2A3C27AB0078B91A /* Home */,
			);
			path = Components;
			sourceTree = "<group>";
		};
		13823A7C2A3C27AB0078B91A /* Home */ = {
			isa = PBXGroup;
			children = (
				13823A852A3C283E0078B91A /* ViewModel */,
				13823A842A3C28360078B91A /* View */,
			);
			path = Home;
			sourceTree = "<group>";
		};
		13823A7D2A3C27B30078B91A /* Difficulty */ = {
			isa = PBXGroup;
			children = (
				13823A832A3C282D0078B91A /* ViewModel */,
				13823A822A3C28280078B91A /* View */,
			);
			path = Difficulty;
			sourceTree = "<group>";
		};
		13823A7E2A3C27BE0078B91A /* Quiz */ = {
			isa = PBXGroup;
			children = (
				13823A812A3C28200078B91A /* ViewModel */,
				13823A802A3C28180078B91A /* View */,
			);
			path = Quiz;
			sourceTree = "<group>";
		};
		13823A7F2A3C27CE0078B91A /* Extensions */ = {
			isa = PBXGroup;
			children = (
			);
			path = Extensions;
			sourceTree = "<group>";
		};
		13823A802A3C28180078B91A /* View */ = {
			isa = PBXGroup;
			children = (
				13823A862A3C28560078B91A /* QuizView.swift */,
			);
			path = View;
			sourceTree = "<group>";
		};
		13823A812A3C28200078B91A /* ViewModel */ = {
			isa = PBXGroup;
			children = (
			);
			path = ViewModel;
			sourceTree = "<group>";
		};
		13823A822A3C28280078B91A /* View */ = {
			isa = PBXGroup;
			children = (
				13823A892A3C286C0078B91A /* DifficultyView.swift */,
			);
			path = View;
			sourceTree = "<group>";
		};
		13823A832A3C282D0078B91A /* ViewModel */ = {
			isa = PBXGroup;
			children = (
			);
			path = ViewModel;
			sourceTree = "<group>";
		};
		13823A842A3C28360078B91A /* View */ = {
			isa = PBXGroup;
			children = (
				13823A8B2A3C28770078B91A /* HomeView.swift */,
			);
			path = View;
			sourceTree = "<group>";
		};
		13823A852A3C283E0078B91A /* ViewModel */ = {
			isa = PBXGroup;
			children = (
			);
			path = ViewModel;
			sourceTree = "<group>";
		};
/* End PBXGroup section */

/* Begin PBXNativeTarget section */
		13823A662A3C266B0078B91A /* QuizApplication */ = {
			isa = PBXNativeTarget;
			buildConfigurationList = 13823A752A3C266C0078B91A /* Build configuration list for PBXNativeTarget "QuizApplication" */;
			buildPhases = (
				13823A632A3C266B0078B91A /* Sources */,
				13823A642A3C266B0078B91A /* Frameworks */,
				13823A652A3C266B0078B91A /* Resources */,
			);
			buildRules = (
			);
			dependencies = (
			);
			name = QuizApplication;
			productName = QuizApplication;
			productReference = 13823A672A3C266B0078B91A /* QuizApplication.app */;
			productType = "com.apple.product-type.application";
		};
/* End PBXNativeTarget section */

/* Begin PBXProject section */
		13823A5F2A3C266B0078B91A /* Project object */ = {
			isa = PBXProject;
			attributes = {
				BuildIndependentTargetsInParallel = 1;
				LastSwiftUpdateCheck = 1320;
				LastUpgradeCheck = 1320;
				TargetAttributes = {
					13823A662A3C266B0078B91A = {
						CreatedOnToolsVersion = 13.2;
					};
				};
			};
			buildConfigurationList = 13823A622A3C266B0078B91A /* Build configuration list for PBXProject "QuizApplication" */;
			compatibilityVersion = "Xcode 13.0";
			developmentRegion = en;
			hasScannedForEncodings = 0;
			knownRegions = (
				en,
				Base,
			);
			mainGroup = 13823A5E2A3C266B0078B91A;
			productRefGroup = 13823A682A3C266B0078B91A /* Products */;
			projectDirPath = "";
			projectRoot = "";
			targets = (
				13823A662A3C266B0078B91A /* QuizApplication */,
			);
		};
/* End PBXProject section */

/* Begin PBXResourcesBuildPhase section */
		13823A652A3C266B0078B91A /* Resources */ = {
			isa = PBXResourcesBuildPhase;
			buildActionMask = 2147483647;
			files = (
				13823A722A3C266C0078B91A /* Preview Assets.xcassets in Resources */,
				13823A6F2A3C266C0078B91A /* Assets.xcassets in Resources */,
			);
			runOnlyForDeploymentPostprocessing = 0;
		};
/* End PBXResourcesBuildPhase section */

/* Begin PBXSourcesBuildPhase section */
		13823A632A3C266B0078B91A /* Sources */ = {
			isa = PBXSourcesBuildPhase;
			buildActionMask = 2147483647;
			files = (
				13823A6D2A3C266B0078B91A /* ContentView.swift in Sources */,
				13823A8A2A3C286C0078B91A /* DifficultyView.swift in Sources */,
				13823A6B2A3C266B0078B91A /* QuizApplicationApp.swift in Sources */,
				13823A8E2A3C29350078B91A /* Model.swift in Sources */,
				13823A8C2A3C28780078B91A /* HomeView.swift in Sources */,
				13823A872A3C28560078B91A /* QuizView.swift in Sources */,
			);
			runOnlyForDeploymentPostprocessing = 0;
		};
/* End PBXSourcesBuildPhase section */

/* Begin XCBuildConfiguration section */
		13823A732A3C266C0078B91A /* Debug */ = {
			isa = XCBuildConfiguration;
			buildSettings = {
				ALWAYS_SEARCH_USER_PATHS = NO;
				CLANG_ANALYZER_NONNULL = YES;
				CLANG_ANALYZER_NUMBER_OBJECT_CONVERSION = YES_AGGRESSIVE;
				CLANG_CXX_LANGUAGE_STANDARD = "gnu++17";
				CLANG_CXX_LIBRARY = "libc++";
				CLANG_ENABLE_MODULES = YES;
				CLANG_ENABLE_OBJC_ARC = YES;
				CLANG_ENABLE_OBJC_WEAK = YES;
				CLANG_WARN_BLOCK_CAPTURE_AUTORELEASING = YES;
				CLANG_WARN_BOOL_CONVERSION = YES;
				CLANG_WARN_COMMA = YES;
				CLANG_WARN_CONSTANT_CONVERSION = YES;
				CLANG_WARN_DEPRECATED_OBJC_IMPLEMENTATIONS = YES;
				CLANG_WARN_DIRECT_OBJC_ISA_USAGE = YES_ERROR;
				CLANG_WARN_DOCUMENTATION_COMMENTS = YES;
				CLANG_WARN_EMPTY_BODY = YES;
				CLANG_WARN_ENUM_CONVERSION = YES;
				CLANG_WARN_INFINITE_RECURSION = YES;
				CLANG_WARN_INT_CONVERSION = YES;
				CLANG_WARN_NON_LITERAL_NULL_CONVERSION = YES;
				CLANG_WARN_OBJC_IMPLICIT_RETAIN_SELF = YES;
				CLANG_WARN_OBJC_LITERAL_CONVERSION = YES;
				CLANG_WARN_OBJC_ROOT_CLASS = YES_ERROR;
				CLANG_WARN_QUOTED_INCLUDE_IN_FRAMEWORK_HEADER = YES;
				CLANG_WARN_RANGE_LOOP_ANALYSIS = YES;
				CLANG_WARN_STRICT_PROTOTYPES = YES;
				CLANG_WARN_SUSPICIOUS_MOVE = YES;
				CLANG_WARN_UNGUARDED_AVAILABILITY = YES_AGGRESSIVE;
				CLANG_WARN_UNREACHABLE_CODE = YES;
				CLANG_WARN__DUPLICATE_METHOD_MATCH = YES;
				COPY_PHASE_STRIP = NO;
				DEBUG_INFORMATION_FORMAT = dwarf;
				ENABLE_STRICT_OBJC_MSGSEND = YES;
				ENABLE_TESTABILITY = YES;
				GCC_C_LANGUAGE_STANDARD = gnu11;
				GCC_DYNAMIC_NO_PIC = NO;
				GCC_NO_COMMON_BLOCKS = YES;
				GCC_OPTIMIZATION_LEVEL = 0;
				GCC_PREPROCESSOR_DEFINITIONS = (
					"DEBUG=1",
					"$(inherited)",
				);
				GCC_WARN_64_TO_32_BIT_CONVERSION = YES;
				GCC_WARN_ABOUT_RETURN_TYPE = YES_ERROR;
				GCC_WARN_UNDECLARED_SELECTOR = YES;
				GCC_WARN_UNINITIALIZED_AUTOS = YES_AGGRESSIVE;
				GCC_WARN_UNUSED_FUNCTION = YES;
				GCC_WARN_UNUSED_VARIABLE = YES;
				IPHONEOS_DEPLOYMENT_TARGET = 15.2;
				MTL_ENABLE_DEBUG_INFO = INCLUDE_SOURCE;
				MTL_FAST_MATH = YES;
				ONLY_ACTIVE_ARCH = YES;
				SDKROOT = iphoneos;
				SWIFT_ACTIVE_COMPILATION_CONDITIONS = DEBUG;
				SWIFT_OPTIMIZATION_LEVEL = "-Onone";
			};
			name = Debug;
		};
		13823A742A3C266C0078B91A /* Release */ = {
			isa = XCBuildConfiguration;
			buildSettings = {
				ALWAYS_SEARCH_USER_PATHS = NO;
				CLANG_ANALYZER_NONNULL = YES;
				CLANG_ANALYZER_NUMBER_OBJECT_CONVERSION = YES_AGGRESSIVE;
				CLANG_CXX_LANGUAGE_STANDARD = "gnu++17";
				CLANG_CXX_LIBRARY = "libc++";
				CLANG_ENABLE_MODULES = YES;
				CLANG_ENABLE_OBJC_ARC = YES;
				CLANG_ENABLE_OBJC_WEAK = YES;
				CLANG_WARN_BLOCK_CAPTURE_AUTORELEASING = YES;
				CLANG_WARN_BOOL_CONVERSION = YES;
				CLANG_WARN_COMMA = YES;
				CLANG_WARN_CONSTANT_CONVERSION = YES;
				CLANG_WARN_DEPRECATED_OBJC_IMPLEMENTATIONS = YES;
				CLANG_WARN_DIRECT_OBJC_ISA_USAGE = YES_ERROR;
				CLANG_WARN_DOCUMENTATION_COMMENTS = YES;
				CLANG_WARN_EMPTY_BODY = YES;
				CLANG_WARN_ENUM_CONVERSION = YES;
				CLANG_WARN_INFINITE_RECURSION = YES;
				CLANG_WARN_INT_CONVERSION = YES;
				CLANG_WARN_NON_LITERAL_NULL_CONVERSION = YES;
				CLANG_WARN_OBJC_IMPLICIT_RETAIN_SELF = YES;
				CLANG_WARN_OBJC_LITERAL_CONVERSION = YES;
				CLANG_WARN_OBJC_ROOT_CLASS = YES_ERROR;
				CLANG_WARN_QUOTED_INCLUDE_IN_FRAMEWORK_HEADER = YES;
				CLANG_WARN_RANGE_LOOP_ANALYSIS = YES;
				CLANG_WARN_STRICT_PROTOTYPES = YES;
				CLANG_WARN_SUSPICIOUS_MOVE = YES;
				CLANG_WARN_UNGUARDED_AVAILABILITY = YES_AGGRESSIVE;
				CLANG_WARN_UNREACHABLE_CODE = YES;
				CLANG_WARN__DUPLICATE_METHOD_MATCH = YES;
				COPY_PHASE_STRIP = NO;
				DEBUG_INFORMATION_FORMAT = "dwarf-with-dsym";
				ENABLE_NS_ASSERTIONS = NO;
				ENABLE_STRICT_OBJC_MSGSEND = YES;
				GCC_C_LANGUAGE_STANDARD = gnu11;
				GCC_NO_COMMON_BLOCKS = YES;
				GCC_WARN_64_TO_32_BIT_CONVERSION = YES;
				GCC_WARN_ABOUT_RETURN_TYPE = YES_ERROR;
				GCC_WARN_UNDECLARED_SELECTOR = YES;
				GCC_WARN_UNINITIALIZED_AUTOS = YES_AGGRESSIVE;
				GCC_WARN_UNUSED_FUNCTION = YES;
				GCC_WARN_UNUSED_VARIABLE = YES;
				IPHONEOS_DEPLOYMENT_TARGET = 15.2;
				MTL_ENABLE_DEBUG_INFO = NO;
				MTL_FAST_MATH = YES;
				SDKROOT = iphoneos;
				SWIFT_COMPILATION_MODE = wholemodule;
				SWIFT_OPTIMIZATION_LEVEL = "-O";
				VALIDATE_PRODUCT = YES;
			};
			name = Release;
		};
		13823A762A3C266C0078B91A /* Debug */ = {
			isa = XCBuildConfiguration;
			buildSettings = {
				ASSETCATALOG_COMPILER_APPICON_NAME = AppIcon;
				ASSETCATALOG_COMPILER_GLOBAL_ACCENT_COLOR_NAME = AccentColor;
				CODE_SIGN_STYLE = Automatic;
				CURRENT_PROJECT_VERSION = 1;
				DEVELOPMENT_ASSET_PATHS = "\"QuizApplication/Preview Content\"";
				DEVELOPMENT_TEAM = M36758779V;
				ENABLE_PREVIEWS = YES;
				GENERATE_INFOPLIST_FILE = YES;
				INFOPLIST_KEY_UIApplicationSceneManifest_Generation = YES;
				INFOPLIST_KEY_UIApplicationSupportsIndirectInputEvents = YES;
				INFOPLIST_KEY_UILaunchScreen_Generation = YES;
				INFOPLIST_KEY_UISupportedInterfaceOrientations_iPad = "UIInterfaceOrientationPortrait UIInterfaceOrientationPortraitUpsideDown UIInterfaceOrientationLandscapeLeft UIInterfaceOrientationLandscapeRight";
				INFOPLIST_KEY_UISupportedInterfaceOrientations_iPhone = "UIInterfaceOrientationPortrait UIInterfaceOrientationLandscapeLeft UIInterfaceOrientationLandscapeRight";
				LD_RUNPATH_SEARCH_PATHS = (
					"$(inherited)",
					"@executable_path/Frameworks",
				);
				MARKETING_VERSION = 1.0;
				PRODUCT_BUNDLE_IDENTIFIER = com.QuizApplication;
				PRODUCT_NAME = "$(TARGET_NAME)";
				SWIFT_EMIT_LOC_STRINGS = YES;
				SWIFT_VERSION = 5.0;
				TARGETED_DEVICE_FAMILY = "1,2";
			};
			name = Debug;
		};
		13823A772A3C266C0078B91A /* Release */ = {
			isa = XCBuildConfiguration;
			buildSettings = {
				ASSETCATALOG_COMPILER_APPICON_NAME = AppIcon;
				ASSETCATALOG_COMPILER_GLOBAL_ACCENT_COLOR_NAME = AccentColor;
				CODE_SIGN_STYLE = Automatic;
				CURRENT_PROJECT_VERSION = 1;
				DEVELOPMENT_ASSET_PATHS = "\"QuizApplication/Preview Content\"";
				DEVELOPMENT_TEAM = M36758779V;
				ENABLE_PREVIEWS = YES;
				GENERATE_INFOPLIST_FILE = YES;
				INFOPLIST_KEY_UIApplicationSceneManifest_Generation = YES;
				INFOPLIST_KEY_UIApplicationSupportsIndirectInputEvents = YES;
				INFOPLIST_KEY_UILaunchScreen_Generation = YES;
				INFOPLIST_KEY_UISupportedInterfaceOrientations_iPad = "UIInterfaceOrientationPortrait UIInterfaceOrientationPortraitUpsideDown UIInterfaceOrientationLandscapeLeft UIInterfaceOrientationLandscapeRight";
				INFOPLIST_KEY_UISupportedInterfaceOrientations_iPhone = "UIInterfaceOrientationPortrait UIInterfaceOrientationLandscapeLeft UIInterfaceOrientationLandscapeRight";
				LD_RUNPATH_SEARCH_PATHS = (
					"$(inherited)",
					"@executable_path/Frameworks",
				);
				MARKETING_VERSION = 1.0;
				PRODUCT_BUNDLE_IDENTIFIER = com.QuizApplication;
				PRODUCT_NAME = "$(TARGET_NAME)";
				SWIFT_EMIT_LOC_STRINGS = YES;
				SWIFT_VERSION = 5.0;
				TARGETED_DEVICE_FAMILY = "1,2";
			};
			name = Release;
		};
/* End XCBuildConfiguration section */

/* Begin XCConfigurationList section */
		13823A622A3C266B0078B91A /* Build configuration list for PBXProject "QuizApplication" */ = {
			isa = XCConfigurationList;
			buildConfigurations = (
				13823A732A3C266C0078B91A /* Debug */,
				13823A742A3C266C0078B91A /* Release */,
			);
			defaultConfigurationIsVisible = 0;
			defaultConfigurationName = Release;
		};
		13823A752A3C266C0078B91A /* Build configuration list for PBXNativeTarget "QuizApplication" */ = {
			isa = XCConfigurationList;
			buildConfigurations = (
				13823A762A3C266C0078B91A /* Debug */,
				13823A772A3C266C0078B91A /* Release */,
			);
			defaultConfigurationIsVisible = 0;
			defaultConfigurationName = Release;
		};
/* End XCConfigurationList section */
	};
	rootObject = 13823A5F2A3C266B0078B91A /* Project object */;
}
